{
  "nodes": {
    "nixCats": {
      "locked": {
        "lastModified": 1734988924,
        "narHash": "sha256-QAG3usEJxvxv/AN7csMaFkGbLKF1NEuUkt0UDNr2lrM=",
        "owner": "BirdeeHub",
        "repo": "nixCats-nvim",
        "rev": "97b1341e0a6a9e59707bfc0f4185e6a2cb784891",
        "type": "github"
      },
      "original": {
        "owner": "BirdeeHub",
        "repo": "nixCats-nvim",
        "type": "github"
      }
    },
    "nixpkgs": {
      "locked": {
        "lastModified": 1734991663,
        "narHash": "sha256-8T660guvdaOD+2/Cj970bWlQwAyZLKrrbkhYOFcY1YE=",
        "owner": "nixos",
        "repo": "nixpkgs",
        "rev": "6c90912761c43e22b6fb000025ab96dd31c971ff",
        "type": "github"
      },
      "original": {
        "owner": "nixos",
        "ref": "nixos-24.11",
        "repo": "nixpkgs",
        "type": "github"
      }
    },
    "root": {
      "inputs": {
        "nixCats": "nixCats",
        "nixpkgs": "nixpkgs"
      }
    }
  },
  "root": "root",
  "version": 7
}
